// !$*UTF8*$!
{
	archiveVersion = 1;
	classes = {
	};
	objectVersion = 77;
	objects = {

/* Begin PBXContainerItemProxy section */
		B9D803092E5AB1AE00C7AC70 /* PBXContainerItemProxy */ = {
			isa = PBXContainerItemProxy;
			containerPortal = B9D802EA2E5AB1AD00C7AC70 /* Project object */;
			proxyType = 1;
			remoteGlobalIDString = B9D802F12E5AB1AD00C7AC70;
			remoteInfo = "swift-storyboard-learning";
		};
		B9D803132E5AB1AE00C7AC70 /* PBXContainerItemProxy */ = {
			isa = PBXContainerItemProxy;
			containerPortal = B9D802EA2E5AB1AD00C7AC70 /* Project object */;
			proxyType = 1;
			remoteGlobalIDString = B9D802F12E5AB1AD00C7AC70;
			remoteInfo = "swift-storyboard-learning";
		};
/* End PBXContainerItemProxy section */

/* Begin PBXFileReference section */
		B9D802F22E5AB1AD00C7AC70 /* swift-storyboard-learning.app */ = {isa = PBXFileReference; explicitFileType = wrapper.application; includeInIndex = 0; path = "swift-storyboard-learning.app"; sourceTree = BUILT_PRODUCTS_DIR; };
		B9D803082E5AB1AE00C7AC70 /* swift-storyboard-learningTests.xctest */ = {isa = PBXFileReference; explicitFileType = wrapper.cfbundle; includeInIndex = 0; path = "swift-storyboard-learningTests.xctest"; sourceTree = BUILT_PRODUCTS_DIR; };
		B9D803122E5AB1AE00C7AC70 /* swift-storyboard-learningUITests.xctest */ = {isa = PBXFileReference; explicitFileType = wrapper.cfbundle; includeInIndex = 0; path = "swift-storyboard-learningUITests.xctest"; sourceTree = BUILT_PRODUCTS_DIR; };
/* End PBXFileReference section */

/* Begin PBXFileSystemSynchronizedBuildFileExceptionSet section */
		B9D8031A2E5AB1AE00C7AC70 /* Exceptions for "swift-storyboard-learning" folder in "swift-storyboard-learning" target */ = {
			isa = PBXFileSystemSynchronizedBuildFileExceptionSet;
			membershipExceptions = (
				Info.plist,
			);
			target = B9D802F12E5AB1AD00C7AC70 /* swift-storyboard-learning */;
		};
/* End PBXFileSystemSynchronizedBuildFileExceptionSet section */

/* Begin PBXFileSystemSynchronizedRootGroup section */
		B9D802F42E5AB1AD00C7AC70 /* swift-storyboard-learning */ = {
			isa = PBXFileSystemSynchronizedRootGroup;
			exceptions = (
				B9D8031A2E5AB1AE00C7AC70 /* Exceptions for "swift-storyboard-learning" folder in "swift-storyboard-learning" target */,
			);
			path = "swift-storyboard-learning";
			sourceTree = "<group>";
		};
		B9D8030B2E5AB1AE00C7AC70 /* swift-storyboard-learningTests */ = {
			isa = PBXFileSystemSynchronizedRootGroup;
			path = "swift-storyboard-learningTests";
			sourceTree = "<group>";
		};
		B9D803152E5AB1AE00C7AC70 /* swift-storyboard-learningUITests */ = {
			isa = PBXFileSystemSynchronizedRootGroup;
			path = "swift-storyboard-learningUITests";
			sourceTree = "<group>";
		};
/* End PBXFileSystemSynchronizedRootGroup section */

/* Begin PBXFrameworksBuildPhase section */
		B9D802EF2E5AB1AD00C7AC70 /* Frameworks */ = {
			isa = PBXFrameworksBuildPhase;
			buildActionMask = 2147483647;
			files = (
			);
			runOnlyForDeploymentPostprocessing = 0;
		};
		B9D803052E5AB1AE00C7AC70 /* Frameworks */ = {
			isa = PBXFrameworksBuildPhase;
			buildActionMask = 2147483647;
			files = (
			);
			runOnlyForDeploymentPostprocessing = 0;
		};
		B9D8030F2E5AB1AE00C7AC70 /* Frameworks */ = {
			isa = PBXFrameworksBuildPhase;
			buildActionMask = 2147483647;
			files = (
			);
			runOnlyForDeploymentPostprocessing = 0;
		};
/* End PBXFrameworksBuildPhase section */

/* Begin PBXGroup section */
		B9D802E92E5AB1AD00C7AC70 = {
			isa = PBXGroup;
			children = (
				B9D802F42E5AB1AD00C7AC70 /* swift-storyboard-learning */,
				B9D8030B2E5AB1AE00C7AC70 /* swift-storyboard-learningTests */,
				B9D803152E5AB1AE00C7AC70 /* swift-storyboard-learningUITests */,
				B9D802F32E5AB1AD00C7AC70 /* Products */,
			);
			sourceTree = "<group>";
		};
		B9D802F32E5AB1AD00C7AC70 /* Products */ = {
			isa = PBXGroup;
			children = (
				B9D802F22E5AB1AD00C7AC70 /* swift-storyboard-learning.app */,
				B9D803082E5AB1AE00C7AC70 /* swift-storyboard-learningTests.xctest */,
				B9D803122E5AB1AE00C7AC70 /* swift-storyboard-learningUITests.xctest */,
			);
			name = Products;
			sourceTree = "<group>";
		};
/* End PBXGroup section */

/* Begin PBXNativeTarget section */
		B9D802F12E5AB1AD00C7AC70 /* swift-storyboard-learning */ = {
			isa = PBXNativeTarget;
			buildConfigurationList = B9D8031B2E5AB1AE00C7AC70 /* Build configuration list for PBXNativeTarget "swift-storyboard-learning" */;
			buildPhases = (
				B9D802EE2E5AB1AD00C7AC70 /* Sources */,
				B9D802EF2E5AB1AD00C7AC70 /* Frameworks */,
				B9D802F02E5AB1AD00C7AC70 /* Resources */,
			);
			buildRules = (
			);
			dependencies = (
			);
			fileSystemSynchronizedGroups = (
				B9D802F42E5AB1AD00C7AC70 /* swift-storyboard-learning */,
			);
			name = "swift-storyboard-learning";
			packageProductDependencies = (
			);
			productName = "swift-storyboard-learning";
			productReference = B9D802F22E5AB1AD00C7AC70 /* swift-storyboard-learning.app */;
			productType = "com.apple.product-type.application";
		};
		B9D803072E5AB1AE00C7AC70 /* swift-storyboard-learningTests */ = {
			isa = PBXNativeTarget;
			buildConfigurationList = B9D803202E5AB1AE00C7AC70 /* Build configuration list for PBXNativeTarget "swift-storyboard-learningTests" */;
			buildPhases = (
				B9D803042E5AB1AE00C7AC70 /* Sources */,
				B9D803052E5AB1AE00C7AC70 /* Frameworks */,
				B9D803062E5AB1AE00C7AC70 /* Resources */,
			);
			buildRules = (
			);
			dependencies = (
				B9D8030A2E5AB1AE00C7AC70 /* PBXTargetDependency */,
			);
			fileSystemSynchronizedGroups = (
				B9D8030B2E5AB1AE00C7AC70 /* swift-storyboard-learningTests */,
			);
			name = "swift-storyboard-learningTests";
			packageProductDependencies = (
			);
			productName = "swift-storyboard-learningTests";
			productReference = B9D803082E5AB1AE00C7AC70 /* swift-storyboard-learningTests.xctest */;
			productType = "com.apple.product-type.bundle.unit-test";
		};
		B9D803112E5AB1AE00C7AC70 /* swift-storyboard-learningUITests */ = {
			isa = PBXNativeTarget;
			buildConfigurationList = B9D803232E5AB1AE00C7AC70 /* Build configuration list for PBXNativeTarget "swift-storyboard-learningUITests" */;
			buildPhases = (
				B9D8030E2E5AB1AE00C7AC70 /* Sources */,
				B9D8030F2E5AB1AE00C7AC70 /* Frameworks */,
				B9D803102E5AB1AE00C7AC70 /* Resources */,
			);
			buildRules = (
			);
			dependencies = (
				B9D803142E5AB1AE00C7AC70 /* PBXTargetDependency */,
			);
			fileSystemSynchronizedGroups = (
				B9D803152E5AB1AE00C7AC70 /* swift-storyboard-learningUITests */,
			);
			name = "swift-storyboard-learningUITests";
			packageProductDependencies = (
			);
			productName = "swift-storyboard-learningUITests";
			productReference = B9D803122E5AB1AE00C7AC70 /* swift-storyboard-learningUITests.xctest */;
			productType = "com.apple.product-type.bundle.ui-testing";
		};
/* End PBXNativeTarget section */

/* Begin PBXProject section */
		B9D802EA2E5AB1AD00C7AC70 /* Project object */ = {
			isa = PBXProject;
			attributes = {
				BuildIndependentTargetsInParallel = 1;
				LastSwiftUpdateCheck = 1620;
				LastUpgradeCheck = 1620;
				TargetAttributes = {
					B9D802F12E5AB1AD00C7AC70 = {
						CreatedOnToolsVersion = 16.2;
					};
					B9D803072E5AB1AE00C7AC70 = {
						CreatedOnToolsVersion = 16.2;
						TestTargetID = B9D802F12E5AB1AD00C7AC70;
					};
					B9D803112E5AB1AE00C7AC70 = {
						CreatedOnToolsVersion = 16.2;
						TestTargetID = B9D802F12E5AB1AD00C7AC70;
					};
				};
			};
			buildConfigurationList = B9D802ED2E5AB1AD00C7AC70 /* Build configuration list for PBXProject "swift-storyboard-learning" */;
			developmentRegion = en;
			hasScannedForEncodings = 0;
			knownRegions = (
				en,
				Base,
			);
			mainGroup = B9D802E92E5AB1AD00C7AC70;
			minimizedProjectReferenceProxies = 1;
			preferredProjectObjectVersion = 77;
			productRefGroup = B9D802F32E5AB1AD00C7AC70 /* Products */;
			projectDirPath = "";
			projectRoot = "";
			targets = (
				B9D802F12E5AB1AD00C7AC70 /* swift-storyboard-learning */,
				B9D803072E5AB1AE00C7AC70 /* swift-storyboard-learningTests */,
				B9D803112E5AB1AE00C7AC70 /* swift-storyboard-learningUITests */,
			);
		};
/* End PBXProject section */

/* Begin PBXResourcesBuildPhase section */
		B9D802F02E5AB1AD00C7AC70 /* Resources */ = {
			isa = PBXResourcesBuildPhase;
			buildActionMask = 2147483647;
			files = (
			);
			runOnlyForDeploymentPostprocessing = 0;
		};
		B9D803062E5AB1AE00C7AC70 /* Resources */ = {
			isa = PBXResourcesBuildPhase;
			buildActionMask = 2147483647;
			files = (
			);
			runOnlyForDeploymentPostprocessing = 0;
		};
		B9D803102E5AB1AE00C7AC70 /* Resources */ = {
			isa = PBXResourcesBuildPhase;
			buildActionMask = 2147483647;
			files = (
			);
			runOnlyForDeploymentPostprocessing = 0;
		};
/* End PBXResourcesBuildPhase section */

/* Begin PBXSourcesBuildPhase section */
		B9D802EE2E5AB1AD00C7AC70 /* Sources */ = {
			isa = PBXSourcesBuildPhase;
			buildActionMask = 2147483647;
			files = (
			);
			runOnlyForDeploymentPostprocessing = 0;
		};
		B9D803042E5AB1AE00C7AC70 /* Sources */ = {
			isa = PBXSourcesBuildPhase;
			buildActionMask = 2147483647;
			files = (
			);
			runOnlyForDeploymentPostprocessing = 0;
		};
		B9D8030E2E5AB1AE00C7AC70 /* Sources */ = {
			isa = PBXSourcesBuildPhase;
			buildActionMask = 2147483647;
			files = (
			);
			runOnlyForDeploymentPostprocessing = 0;
		};
/* End PBXSourcesBuildPhase section */

/* Begin PBXTargetDependency section */
		B9D8030A2E5AB1AE00C7AC70 /* PBXTargetDependency */ = {
			isa = PBXTargetDependency;
			target = B9D802F12E5AB1AD00C7AC70 /* swift-storyboard-learning */;
			targetProxy = B9D803092E5AB1AE00C7AC70 /* PBXContainerItemProxy */;
		};
		B9D803142E5AB1AE00C7AC70 /* PBXTargetDependency */ = {
			isa = PBXTargetDependency;
			target = B9D802F12E5AB1AD00C7AC70 /* swift-storyboard-learning */;
			targetProxy = B9D803132E5AB1AE00C7AC70 /* PBXContainerItemProxy */;
		};
/* End PBXTargetDependency section */

/* Begin XCBuildConfiguration section */
		B9D8031C2E5AB1AE00C7AC70 /* Debug */ = {
			isa = XCBuildConfiguration;
			buildSettings = {
				ASSETCATALOG_COMPILER_APPICON_NAME = AppIcon;
				ASSETCATALOG_COMPILER_GLOBAL_ACCENT_COLOR_NAME = AccentColor;
				CODE_SIGN_STYLE = Automatic;
				CURRENT_PROJECT_VERSION = 1;
				GENERATE_INFOPLIST_FILE = YES;
				INFOPLIST_FILE = "swift-storyboard-learning/Info.plist";
				INFOPLIST_KEY_UIApplicationSupportsIndirectInputEvents = YES;
				INFOPLIST_KEY_UILaunchStoryboardName = LaunchScreen;
				INFOPLIST_KEY_UIMainStoryboardFile = Main;
				INFOPLIST_KEY_UISupportedInterfaceOrientations_iPad = "UIInterfaceOrientationPortrait UIInterfaceOrientationPortraitUpsideDown UIInterfaceOrientationLandscapeLeft UIInterfaceOrientationLandscapeRight";
				INFOPLIST_KEY_UISupportedInterfaceOrientations_iPhone = "UIInterfaceOrientationPortrait UIInterfaceOrientationLandscapeLeft UIInterfaceOrientationLandscapeRight";
				LD_RUNPATH_SEARCH_PATHS = (
					"$(inherited)",
					"@executable_path/Frameworks",
				);
				MARKETING_VERSION = 1.0;
				PRODUCT_BUNDLE_IDENTIFIER = "com.Tsubasa-Yoshida.swift-storyboard-learning";
				PRODUCT_NAME = "$(TARGET_NAME)";
				SWIFT_EMIT_LOC_STRINGS = YES;
				SWIFT_VERSION = 5.0;
				TARGETED_DEVICE_FAMILY = "1,2";
			};
			name = Debug;
		};
		B9D8031D2E5AB1AE00C7AC70 /* Release */ = {
			isa = XCBuildConfiguration;
			buildSettings = {
				ASSETCATALOG_COMPILER_APPICON_NAME = AppIcon;
				ASSETCATALOG_COMPILER_GLOBAL_ACCENT_COLOR_NAME = AccentColor;
				CODE_SIGN_STYLE = Automatic;
				CURRENT_PROJECT_VERSION = 1;
				GENERATE_INFOPLIST_FILE = YES;
				INFOPLIST_FILE = "swift-storyboard-learning/Info.plist";
				INFOPLIST_KEY_UIApplicationSupportsIndirectInputEvents = YES;
				INFOPLIST_KEY_UILaunchStoryboardName = LaunchScreen;
				INFOPLIST_KEY_UIMainStoryboardFile = Main;
				INFOPLIST_KEY_UISupportedInterfaceOrientations_iPad = "UIInterfaceOrientationPortrait UIInterfaceOrientationPortraitUpsideDown UIInterfaceOrientationLandscapeLeft UIInterfaceOrientationLandscapeRight";
				INFOPLIST_KEY_UISupportedInterfaceOrientations_iPhone = "UIInterfaceOrientationPortrait UIInterfaceOrientationLandscapeLeft UIInterfaceOrientationLandscapeRight";
				LD_RUNPATH_SEARCH_PATHS = (
					"$(inherited)",
					"@executable_path/Frameworks",
				);
				MARKETING_VERSION = 1.0;
				PRODUCT_BUNDLE_IDENTIFIER = "com.Tsubasa-Yoshida.swift-storyboard-learning";
				PRODUCT_NAME = "$(TARGET_NAME)";
				SWIFT_EMIT_LOC_STRINGS = YES;
				SWIFT_VERSION = 5.0;
				TARGETED_DEVICE_FAMILY = "1,2";
			};
			name = Release;
		};
		B9D8031E2E5AB1AE00C7AC70 /* Debug */ = {
			isa = XCBuildConfiguration;
			buildSettings = {
				ALWAYS_SEARCH_USER_PATHS = NO;
				ASSETCATALOG_COMPILER_GENERATE_SWIFT_ASSET_SYMBOL_EXTENSIONS = YES;
				CLANG_ANALYZER_NONNULL = YES;
				CLANG_ANALYZER_NUMBER_OBJECT_CONVERSION = YES_AGGRESSIVE;
				CLANG_CXX_LANGUAGE_STANDARD = "gnu++20";
				CLANG_ENABLE_MODULES = YES;
				CLANG_ENABLE_OBJC_ARC = YES;
				CLANG_ENABLE_OBJC_WEAK = YES;
				CLANG_WARN_BLOCK_CAPTURE_AUTORELEASING = YES;
				CLANG_WARN_BOOL_CONVERSION = YES;
				CLANG_WARN_COMMA = YES;
				CLANG_WARN_CONSTANT_CONVERSION = YES;
				CLANG_WARN_DEPRECATED_OBJC_IMPLEMENTATIONS = YES;
				CLANG_WARN_DIRECT_OBJC_ISA_USAGE = YES_ERROR;
				CLANG_WARN_DOCUMENTATION_COMMENTS = YES;
				CLANG_WARN_EMPTY_BODY = YES;
				CLANG_WARN_ENUM_CONVERSION = YES;
				CLANG_WARN_INFINITE_RECURSION = YES;
				CLANG_WARN_INT_CONVERSION = YES;
				CLANG_WARN_NON_LITERAL_NULL_CONVERSION = YES;
				CLANG_WARN_OBJC_IMPLICIT_RETAIN_SELF = YES;
				CLANG_WARN_OBJC_LITERAL_CONVERSION = YES;
				CLANG_WARN_OBJC_ROOT_CLASS = YES_ERROR;
				CLANG_WARN_QUOTED_INCLUDE_IN_FRAMEWORK_HEADER = YES;
				CLANG_WARN_RANGE_LOOP_ANALYSIS = YES;
				CLANG_WARN_STRICT_PROTOTYPES = YES;
				CLANG_WARN_SUSPICIOUS_MOVE = YES;
				CLANG_WARN_UNGUARDED_AVAILABILITY = YES_AGGRESSIVE;
				CLANG_WARN_UNREACHABLE_CODE = YES;
				CLANG_WARN__DUPLICATE_METHOD_MATCH = YES;
				COPY_PHASE_STRIP = NO;
				DEBUG_INFORMATION_FORMAT = dwarf;
				ENABLE_STRICT_OBJC_MSGSEND = YES;
				ENABLE_TESTABILITY = YES;
				ENABLE_USER_SCRIPT_SANDBOXING = YES;
				GCC_C_LANGUAGE_STANDARD = gnu17;
				GCC_DYNAMIC_NO_PIC = NO;
				GCC_NO_COMMON_BLOCKS = YES;
				GCC_OPTIMIZATION_LEVEL = 0;
				GCC_PREPROCESSOR_DEFINITIONS = (
					"DEBUG=1",
					"$(inherited)",
				);
				GCC_WARN_64_TO_32_BIT_CONVERSION = YES;
				GCC_WARN_ABOUT_RETURN_TYPE = YES_ERROR;
				GCC_WARN_UNDECLARED_SELECTOR = YES;
				GCC_WARN_UNINITIALIZED_AUTOS = YES_AGGRESSIVE;
				GCC_WARN_UNUSED_FUNCTION = YES;
				GCC_WARN_UNUSED_VARIABLE = YES;
				IPHONEOS_DEPLOYMENT_TARGET = 18.2;
				LOCALIZATION_PREFERS_STRING_CATALOGS = YES;
				MTL_ENABLE_DEBUG_INFO = INCLUDE_SOURCE;
				MTL_FAST_MATH = YES;
				ONLY_ACTIVE_ARCH = YES;
				SDKROOT = iphoneos;
				SWIFT_ACTIVE_COMPILATION_CONDITIONS = "DEBUG $(inherited)";
				SWIFT_OPTIMIZATION_LEVEL = "-Onone";
			};
			name = Debug;
		};
		B9D8031F2E5AB1AE00C7AC70 /* Release */ = {
			isa = XCBuildConfiguration;
			buildSettings = {
				ALWAYS_SEARCH_USER_PATHS = NO;
				ASSETCATALOG_COMPILER_GENERATE_SWIFT_ASSET_SYMBOL_EXTENSIONS = YES;
				CLANG_ANALYZER_NONNULL = YES;
				CLANG_ANALYZER_NUMBER_OBJECT_CONVERSION = YES_AGGRESSIVE;
				CLANG_CXX_LANGUAGE_STANDARD = "gnu++20";
				CLANG_ENABLE_MODULES = YES;
				CLANG_ENABLE_OBJC_ARC = YES;
				CLANG_ENABLE_OBJC_WEAK = YES;
				CLANG_WARN_BLOCK_CAPTURE_AUTORELEASING = YES;
				CLANG_WARN_BOOL_CONVERSION = YES;
				CLANG_WARN_COMMA = YES;
				CLANG_WARN_CONSTANT_CONVERSION = YES;
				CLANG_WARN_DEPRECATED_OBJC_IMPLEMENTATIONS = YES;
				CLANG_WARN_DIRECT_OBJC_ISA_USAGE = YES_ERROR;
				CLANG_WARN_DOCUMENTATION_COMMENTS = YES;
				CLANG_WARN_EMPTY_BODY = YES;
				CLANG_WARN_ENUM_CONVERSION = YES;
				CLANG_WARN_INFINITE_RECURSION = YES;
				CLANG_WARN_INT_CONVERSION = YES;
				CLANG_WARN_NON_LITERAL_NULL_CONVERSION = YES;
				CLANG_WARN_OBJC_IMPLICIT_RETAIN_SELF = YES;
				CLANG_WARN_OBJC_LITERAL_CONVERSION = YES;
				CLANG_WARN_OBJC_ROOT_CLASS = YES_ERROR;
				CLANG_WARN_QUOTED_INCLUDE_IN_FRAMEWORK_HEADER = YES;
				CLANG_WARN_RANGE_LOOP_ANALYSIS = YES;
				CLANG_WARN_STRICT_PROTOTYPES = YES;
				CLANG_WARN_SUSPICIOUS_MOVE = YES;
				CLANG_WARN_UNGUARDED_AVAILABILITY = YES_AGGRESSIVE;
				CLANG_WARN_UNREACHABLE_CODE = YES;
				CLANG_WARN__DUPLICATE_METHOD_MATCH = YES;
				COPY_PHASE_STRIP = NO;
				DEBUG_INFORMATION_FORMAT = "dwarf-with-dsym";
				ENABLE_NS_ASSERTIONS = NO;
				ENABLE_STRICT_OBJC_MSGSEND = YES;
				ENABLE_USER_SCRIPT_SANDBOXING = YES;
				GCC_C_LANGUAGE_STANDARD = gnu17;
				GCC_NO_COMMON_BLOCKS = YES;
				GCC_WARN_64_TO_32_BIT_CONVERSION = YES;
				GCC_WARN_ABOUT_RETURN_TYPE = YES_ERROR;
				GCC_WARN_UNDECLARED_SELECTOR = YES;
				GCC_WARN_UNINITIALIZED_AUTOS = YES_AGGRESSIVE;
				GCC_WARN_UNUSED_FUNCTION = YES;
				GCC_WARN_UNUSED_VARIABLE = YES;
				IPHONEOS_DEPLOYMENT_TARGET = 18.2;
				LOCALIZATION_PREFERS_STRING_CATALOGS = YES;
				MTL_ENABLE_DEBUG_INFO = NO;
				MTL_FAST_MATH = YES;
				SDKROOT = iphoneos;
				SWIFT_COMPILATION_MODE = wholemodule;
				VALIDATE_PRODUCT = YES;
			};
			name = Release;
		};
		B9D803212E5AB1AE00C7AC70 /* Debug */ = {
			isa = XCBuildConfiguration;
			buildSettings = {
				BUNDLE_LOADER = "$(TEST_HOST)";
				CODE_SIGN_STYLE = Automatic;
				CURRENT_PROJECT_VERSION = 1;
				GENERATE_INFOPLIST_FILE = YES;
				IPHONEOS_DEPLOYMENT_TARGET = 18.2;
				MARKETING_VERSION = 1.0;
				PRODUCT_BUNDLE_IDENTIFIER = "com.Tsubasa-Yoshida.swift-storyboard-learningTests";
				PRODUCT_NAME = "$(TARGET_NAME)";
				SWIFT_EMIT_LOC_STRINGS = NO;
				SWIFT_VERSION = 5.0;
				TARGETED_DEVICE_FAMILY = "1,2";
				TEST_HOST = "$(BUILT_PRODUCTS_DIR)/swift-storyboard-learning.app/$(BUNDLE_EXECUTABLE_FOLDER_PATH)/swift-storyboard-learning";
			};
			name = Debug;
		};
		B9D803222E5AB1AE00C7AC70 /* Release */ = {
			isa = XCBuildConfiguration;
			buildSettings = {
				BUNDLE_LOADER = "$(TEST_HOST)";
				CODE_SIGN_STYLE = Automatic;
				CURRENT_PROJECT_VERSION = 1;
				GENERATE_INFOPLIST_FILE = YES;
				IPHONEOS_DEPLOYMENT_TARGET = 18.2;
				MARKETING_VERSION = 1.0;
				PRODUCT_BUNDLE_IDENTIFIER = "com.Tsubasa-Yoshida.swift-storyboard-learningTests";
				PRODUCT_NAME = "$(TARGET_NAME)";
				SWIFT_EMIT_LOC_STRINGS = NO;
				SWIFT_VERSION = 5.0;
				TARGETED_DEVICE_FAMILY = "1,2";
				TEST_HOST = "$(BUILT_PRODUCTS_DIR)/swift-storyboard-learning.app/$(BUNDLE_EXECUTABLE_FOLDER_PATH)/swift-storyboard-learning";
			};
			name = Release;
		};
		B9D803242E5AB1AE00C7AC70 /* Debug */ = {
			isa = XCBuildConfiguration;
			buildSettings = {
				CODE_SIGN_STYLE = Automatic;
				CURRENT_PROJECT_VERSION = 1;
				GENERATE_INFOPLIST_FILE = YES;
				MARKETING_VERSION = 1.0;
				PRODUCT_BUNDLE_IDENTIFIER = "com.Tsubasa-Yoshida.swift-storyboard-learningUITests";
				PRODUCT_NAME = "$(TARGET_NAME)";
				SWIFT_EMIT_LOC_STRINGS = NO;
				SWIFT_VERSION = 5.0;
				TARGETED_DEVICE_FAMILY = "1,2";
				TEST_TARGET_NAME = "swift-storyboard-learning";
			};
			name = Debug;
		};
		B9D803252E5AB1AE00C7AC70 /* Release */ = {
			isa = XCBuildConfiguration;
			buildSettings = {
				CODE_SIGN_STYLE = Automatic;
				CURRENT_PROJECT_VERSION = 1;
				GENERATE_INFOPLIST_FILE = YES;
				MARKETING_VERSION = 1.0;
				PRODUCT_BUNDLE_IDENTIFIER = "com.Tsubasa-Yoshida.swift-storyboard-learningUITests";
				PRODUCT_NAME = "$(TARGET_NAME)";
				SWIFT_EMIT_LOC_STRINGS = NO;
				SWIFT_VERSION = 5.0;
				TARGETED_DEVICE_FAMILY = "1,2";
				TEST_TARGET_NAME = "swift-storyboard-learning";
			};
			name = Release;
		};
/* End XCBuildConfiguration section */

/* Begin XCConfigurationList section */
		B9D802ED2E5AB1AD00C7AC70 /* Build configuration list for PBXProject "swift-storyboard-learning" */ = {
			isa = XCConfigurationList;
			buildConfigurations = (
				B9D8031E2E5AB1AE00C7AC70 /* Debug */,
				B9D8031F2E5AB1AE00C7AC70 /* Release */,
			);
			defaultConfigurationIsVisible = 0;
			defaultConfigurationName = Release;
		};
		B9D8031B2E5AB1AE00C7AC70 /* Build configuration list for PBXNativeTarget "swift-storyboard-learning" */ = {
			isa = XCConfigurationList;
			buildConfigurations = (
				B9D8031C2E5AB1AE00C7AC70 /* Debug */,
				B9D8031D2E5AB1AE00C7AC70 /* Release */,
			);
			defaultConfigurationIsVisible = 0;
			defaultConfigurationName = Release;
		};
		B9D803202E5AB1AE00C7AC70 /* Build configuration list for PBXNativeTarget "swift-storyboard-learningTests" */ = {
			isa = XCConfigurationList;
			buildConfigurations = (
				B9D803212E5AB1AE00C7AC70 /* Debug */,
				B9D803222E5AB1AE00C7AC70 /* Release */,
			);
			defaultConfigurationIsVisible = 0;
			defaultConfigurationName = Release;
		};
		B9D803232E5AB1AE00C7AC70 /* Build configuration list for PBXNativeTarget "swift-storyboard-learningUITests" */ = {
			isa = XCConfigurationList;
			buildConfigurations = (
				B9D803242E5AB1AE00C7AC70 /* Debug */,
				B9D803252E5AB1AE00C7AC70 /* Release */,
			);
			defaultConfigurationIsVisible = 0;
			defaultConfigurationName = Release;
		};
/* End XCConfigurationList section */
	};
	rootObject = B9D802EA2E5AB1AD00C7AC70 /* Project object */;
}
